
Microsoft Visual Studio Solution File, Format Version 12.00
# Visual Studio Version 16
VisualStudioVersion = 16.0.32126.315
MinimumVisualStudioVersion = 10.0.40219.1
Project("{FAE04EC0-301F-11D3-BF4B-00C04F79EFBC}") = "WebApplication18", "WebApplication18\WebApplication18.csproj", "{426C6499-8B14-4D9C-A9B2-F242488A8D0F}"
EndProject
Global
	GlobalSection(SolutionConfigurationPlatforms) = preSolution
		Debug|Any CPU = Debug|Any CPU
		Release|Any CPU = Release|Any CPU
	EndGlobalSection
	GlobalSection(ProjectConfigurationPlatforms) = postSolution
		{426C6499-8B14-4D9C-A9B2-F242488A8D0F}.Debug|Any CPU.ActiveCfg = Debug|Any CPU
		{426C6499-8B14-4D9C-A9B2-F242488A8D0F}.Debug|Any CPU.Build.0 = Debug|Any CPU
		{426C6499-8B14-4D9C-A9B2-F242488A8D0F}.Release|Any CPU.ActiveCfg = Release|Any CPU
		{426C6499-8B14-4D9C-A9B2-F242488A8D0F}.Release|Any CPU.Build.0 = Release|Any CPU
	EndGlobalSection
	GlobalSection(SolutionProperties) = preSolution
		HideSolutionNode = FALSE
	EndGlobalSection
	GlobalSection(ExtensibilityGlobals) = postSolution
		SolutionGuid = {9124157B-8552-41E6-A58D-0CA057E59835}
	EndGlobalSection
EndGlobal
